
Microsoft Visual Studio Solution File, Format Version 12.00
# Visual Studio Version 17
VisualStudioVersion = 17.2.32630.192
MinimumVisualStudioVersion = 10.0.40219.1
Project("{FAE04EC0-301F-11D3-BF4B-00C04F79EFBC}") = "FormOpCRUD", "FormOpCRUD\FormOpCRUD.csproj", "{663E1003-BDA0-4B55-8A5D-E28B159170A9}"
EndProject
Global
	GlobalSection(SolutionConfigurationPlatforms) = preSolution
		Debug|Any CPU = Debug|Any CPU
		Release|Any CPU = Release|Any CPU
	EndGlobalSection
	GlobalSection(ProjectConfigurationPlatforms) = postSolution
		{663E1003-BDA0-4B55-8A5D-E28B159170A9}.Debug|Any CPU.ActiveCfg = Debug|Any CPU
		{663E1003-BDA0-4B55-8A5D-E28B159170A9}.Debug|Any CPU.Build.0 = Debug|Any CPU
		{663E1003-BDA0-4B55-8A5D-E28B159170A9}.Release|Any CPU.ActiveCfg = Release|Any CPU
		{663E1003-BDA0-4B55-8A5D-E28B159170A9}.Release|Any CPU.Build.0 = Release|Any CPU
	EndGlobalSection
	GlobalSection(SolutionProperties) = preSolution
		HideSolutionNode = FALSE
	EndGlobalSection
	GlobalSection(ExtensibilityGlobals) = postSolution
		SolutionGuid = {C8275329-5D34-4D28-96A2-F9C4BBC4901A}
	EndGlobalSection
EndGlobal
